
Microsoft Visual Studio Solution File, Format Version 12.00
# Visual Studio Version 17
VisualStudioVersion = 17.3.32811.315
MinimumVisualStudioVersion = 10.0.40219.1
Project("{2150E333-8FDC-42A3-9474-1A3956D46DE8}") = "Frontend", "Frontend", "{27667D16-1C7A-4994-AE22-536F86277744}"
EndProject
Project("{9A19103F-16F7-4668-BE54-9A1E7A4F7556}") = "Mango.Web", "Mango.Web\Mango.Web.csproj", "{8B764FE9-4F4E-4B74-A304-61BB56C60738}"
EndProject
Project("{2150E333-8FDC-42A3-9474-1A3956D46DE8}") = "Services", "Services", "{FEC0196D-F0B2-4A08-AD03-9CD03F617880}"
EndProject
Project("{9A19103F-16F7-4668-BE54-9A1E7A4F7556}") = "Mango.Services.ProductApi", "Mango.Services.ProductApi\Mango.Services.ProductApi.csproj", "{E40EC7D2-9CB6-493C-BA95-BF9CD47263AA}"
EndProject
Project("{9A19103F-16F7-4668-BE54-9A1E7A4F7556}") = "Mango.Services.Identity", "Mango.Services.Identity\Mango.Services.Identity.csproj", "{76389631-73D1-4235-A833-1F4F2CB4D45F}"
EndProject
Project("{FAE04EC0-301F-11D3-BF4B-00C04F79EFBC}") = "Mango.Services.ShoppingCartApi", "Mango.Services.ShoppingCartApi\Mango.Services.ShoppingCartApi.csproj", "{2D96F859-DF2D-41BC-9FBF-CC48BB7DA370}"
EndProject
Project("{FAE04EC0-301F-11D3-BF4B-00C04F79EFBC}") = "Mango.Services.CouponApi", "Mango.Services.CouponApi\Mango.Services.CouponApi.csproj", "{CDC4B93E-FF72-45BF-A2DE-D20D911B954B}"
EndProject
Project("{2150E333-8FDC-42A3-9474-1A3956D46DE8}") = "Integration", "Integration", "{8F2C3FC9-530E-4826-8593-CC830C254FE3}"
EndProject
Project("{FAE04EC0-301F-11D3-BF4B-00C04F79EFBC}") = "Mango.MessageBus", "Mango.MessageBus\Mango.MessageBus.csproj", "{6C46B64C-1808-478E-9D7F-C78D8293E7B5}"
EndProject
Project("{FAE04EC0-301F-11D3-BF4B-00C04F79EFBC}") = "Mango.Services.OrderApi", "Mango.Services.OrderApi\Mango.Services.OrderApi.csproj", "{5BDE1D37-8BBE-41DB-AF35-5D736D36A28C}"
EndProject
Global
	GlobalSection(SolutionConfigurationPlatforms) = preSolution
		Debug|Any CPU = Debug|Any CPU
		Release|Any CPU = Release|Any CPU
	EndGlobalSection
	GlobalSection(ProjectConfigurationPlatforms) = postSolution
		{8B764FE9-4F4E-4B74-A304-61BB56C60738}.Debug|Any CPU.ActiveCfg = Debug|Any CPU
		{8B764FE9-4F4E-4B74-A304-61BB56C60738}.Debug|Any CPU.Build.0 = Debug|Any CPU
		{8B764FE9-4F4E-4B74-A304-61BB56C60738}.Release|Any CPU.ActiveCfg = Release|Any CPU
		{8B764FE9-4F4E-4B74-A304-61BB56C60738}.Release|Any CPU.Build.0 = Release|Any CPU
		{E40EC7D2-9CB6-493C-BA95-BF9CD47263AA}.Debug|Any CPU.ActiveCfg = Debug|Any CPU
		{E40EC7D2-9CB6-493C-BA95-BF9CD47263AA}.Debug|Any CPU.Build.0 = Debug|Any CPU
		{E40EC7D2-9CB6-493C-BA95-BF9CD47263AA}.Release|Any CPU.ActiveCfg = Release|Any CPU
		{E40EC7D2-9CB6-493C-BA95-BF9CD47263AA}.Release|Any CPU.Build.0 = Release|Any CPU
		{76389631-73D1-4235-A833-1F4F2CB4D45F}.Debug|Any CPU.ActiveCfg = Debug|Any CPU
		{76389631-73D1-4235-A833-1F4F2CB4D45F}.Debug|Any CPU.Build.0 = Debug|Any CPU
		{76389631-73D1-4235-A833-1F4F2CB4D45F}.Release|Any CPU.ActiveCfg = Release|Any CPU
		{76389631-73D1-4235-A833-1F4F2CB4D45F}.Release|Any CPU.Build.0 = Release|Any CPU
		{2D96F859-DF2D-41BC-9FBF-CC48BB7DA370}.Debug|Any CPU.ActiveCfg = Debug|Any CPU
		{2D96F859-DF2D-41BC-9FBF-CC48BB7DA370}.Debug|Any CPU.Build.0 = Debug|Any CPU
		{2D96F859-DF2D-41BC-9FBF-CC48BB7DA370}.Release|Any CPU.ActiveCfg = Release|Any CPU
		{2D96F859-DF2D-41BC-9FBF-CC48BB7DA370}.Release|Any CPU.Build.0 = Release|Any CPU
		{CDC4B93E-FF72-45BF-A2DE-D20D911B954B}.Debug|Any CPU.ActiveCfg = Debug|Any CPU
		{CDC4B93E-FF72-45BF-A2DE-D20D911B954B}.Debug|Any CPU.Build.0 = Debug|Any CPU
		{CDC4B93E-FF72-45BF-A2DE-D20D911B954B}.Release|Any CPU.ActiveCfg = Release|Any CPU
		{CDC4B93E-FF72-45BF-A2DE-D20D911B954B}.Release|Any CPU.Build.0 = Release|Any CPU
		{6C46B64C-1808-478E-9D7F-C78D8293E7B5}.Debug|Any CPU.ActiveCfg = Debug|Any CPU
		{6C46B64C-1808-478E-9D7F-C78D8293E7B5}.Debug|Any CPU.Build.0 = Debug|Any CPU
		{6C46B64C-1808-478E-9D7F-C78D8293E7B5}.Release|Any CPU.ActiveCfg = Release|Any CPU
		{6C46B64C-1808-478E-9D7F-C78D8293E7B5}.Release|Any CPU.Build.0 = Release|Any CPU
		{5BDE1D37-8BBE-41DB-AF35-5D736D36A28C}.Debug|Any CPU.ActiveCfg = Debug|Any CPU
		{5BDE1D37-8BBE-41DB-AF35-5D736D36A28C}.Debug|Any CPU.Build.0 = Debug|Any CPU
		{5BDE1D37-8BBE-41DB-AF35-5D736D36A28C}.Release|Any CPU.ActiveCfg = Release|Any CPU
		{5BDE1D37-8BBE-41DB-AF35-5D736D36A28C}.Release|Any CPU.Build.0 = Release|Any CPU
	EndGlobalSection
	GlobalSection(SolutionProperties) = preSolution
		HideSolutionNode = FALSE
	EndGlobalSection
	GlobalSection(NestedProjects) = preSolution
		{8B764FE9-4F4E-4B74-A304-61BB56C60738} = {27667D16-1C7A-4994-AE22-536F86277744}
		{E40EC7D2-9CB6-493C-BA95-BF9CD47263AA} = {FEC0196D-F0B2-4A08-AD03-9CD03F617880}
		{76389631-73D1-4235-A833-1F4F2CB4D45F} = {FEC0196D-F0B2-4A08-AD03-9CD03F617880}
		{2D96F859-DF2D-41BC-9FBF-CC48BB7DA370} = {FEC0196D-F0B2-4A08-AD03-9CD03F617880}
		{CDC4B93E-FF72-45BF-A2DE-D20D911B954B} = {FEC0196D-F0B2-4A08-AD03-9CD03F617880}
		{6C46B64C-1808-478E-9D7F-C78D8293E7B5} = {8F2C3FC9-530E-4826-8593-CC830C254FE3}
		{5BDE1D37-8BBE-41DB-AF35-5D736D36A28C} = {FEC0196D-F0B2-4A08-AD03-9CD03F617880}
	EndGlobalSection
	GlobalSection(ExtensibilityGlobals) = postSolution
		SolutionGuid = {0787623A-A6D5-4B03-8850-6AF342BE441D}
	EndGlobalSection
EndGlobal
